// !$*UTF8*$!
{
	archiveVersion = 1;
	classes = {
	};
	objectVersion = 51;
	objects = {

/* Begin PBXBuildFile section */
		1B597CAA2681987500B2F40F /* PokemonData.swift in Sources */ = {isa = PBXBuildFile; fileRef = 1B597CA92681987500B2F40F /* PokemonData.swift */; };
		1B597CAC2681988100B2F40F /* PokemonDetailsData.swift in Sources */ = {isa = PBXBuildFile; fileRef = 1B597CAB2681988100B2F40F /* PokemonDetailsData.swift */; };
		1B597CAE268198F300B2F40F /* PokemonCollectionViewController.swift in Sources */ = {isa = PBXBuildFile; fileRef = 1B597CAD268198F300B2F40F /* PokemonCollectionViewController.swift */; };
		1B597CB02681990C00B2F40F /* PokemonDetailsTableViewController.swift in Sources */ = {isa = PBXBuildFile; fileRef = 1B597CAF2681990C00B2F40F /* PokemonDetailsTableViewController.swift */; };
		1B597CB22681992300B2F40F /* PokemonViewModel.swift in Sources */ = {isa = PBXBuildFile; fileRef = 1B597CB12681992300B2F40F /* PokemonViewModel.swift */; };
		1B597CB72681994600B2F40F /* Pokeapi.swift in Sources */ = {isa = PBXBuildFile; fileRef = 1B597CB62681994600B2F40F /* Pokeapi.swift */; };
		1B597CB92681995100B2F40F /* NetworkManager.swift in Sources */ = {isa = PBXBuildFile; fileRef = 1B597CB82681995100B2F40F /* NetworkManager.swift */; };
		1B8024ED267FBB0500F9C034 /* AppDelegate.swift in Sources */ = {isa = PBXBuildFile; fileRef = 1B8024EC267FBB0500F9C034 /* AppDelegate.swift */; };
		1B8024EF267FBB0500F9C034 /* SceneDelegate.swift in Sources */ = {isa = PBXBuildFile; fileRef = 1B8024EE267FBB0500F9C034 /* SceneDelegate.swift */; };
		1B8024F4267FBB0500F9C034 /* Main.storyboard in Resources */ = {isa = PBXBuildFile; fileRef = 1B8024F2267FBB0500F9C034 /* Main.storyboard */; };
		1B8024F6267FBB0600F9C034 /* Assets.xcassets in Resources */ = {isa = PBXBuildFile; fileRef = 1B8024F5267FBB0600F9C034 /* Assets.xcassets */; };
		1B8024F9267FBB0600F9C034 /* LaunchScreen.storyboard in Resources */ = {isa = PBXBuildFile; fileRef = 1B8024F7267FBB0600F9C034 /* LaunchScreen.storyboard */; };
		1B8902192682106E0017B189 /* PokemonDetailsTableViewCell.swift in Sources */ = {isa = PBXBuildFile; fileRef = 1B8902172682106E0017B189 /* PokemonDetailsTableViewCell.swift */; };
		1B89021A2682106E0017B189 /* PokemonDetailsTableViewCell.xib in Resources */ = {isa = PBXBuildFile; fileRef = 1B8902182682106E0017B189 /* PokemonDetailsTableViewCell.xib */; };
		1B89021F268211010017B189 /* PokemonCollectionViewCell.swift in Sources */ = {isa = PBXBuildFile; fileRef = 1B89021D268211010017B189 /* PokemonCollectionViewCell.swift */; };
		1B890220268211010017B189 /* PokemonCollectionViewCell.xib in Resources */ = {isa = PBXBuildFile; fileRef = 1B89021E268211010017B189 /* PokemonCollectionViewCell.xib */; };
		1B8902222682133B0017B189 /* Constants.swift in Sources */ = {isa = PBXBuildFile; fileRef = 1B8902212682133B0017B189 /* Constants.swift */; };
		E8BDF351E03F790B6C22C79C /* Pods_Pokedex_Demo_App.framework in Frameworks */ = {isa = PBXBuildFile; fileRef = DBB196BCC13733CFC8C590B4 /* Pods_Pokedex_Demo_App.framework */; };
/* End PBXBuildFile section */

/* Begin PBXFileReference section */
		1B597CA92681987500B2F40F /* PokemonData.swift */ = {isa = PBXFileReference; lastKnownFileType = sourcecode.swift; path = PokemonData.swift; sourceTree = "<group>"; };
		1B597CAB2681988100B2F40F /* PokemonDetailsData.swift */ = {isa = PBXFileReference; lastKnownFileType = sourcecode.swift; path = PokemonDetailsData.swift; sourceTree = "<group>"; };
		1B597CAD268198F300B2F40F /* PokemonCollectionViewController.swift */ = {isa = PBXFileReference; lastKnownFileType = sourcecode.swift; path = PokemonCollectionViewController.swift; sourceTree = "<group>"; };
		1B597CAF2681990C00B2F40F /* PokemonDetailsTableViewController.swift */ = {isa = PBXFileReference; lastKnownFileType = sourcecode.swift; path = PokemonDetailsTableViewController.swift; sourceTree = "<group>"; };
		1B597CB12681992300B2F40F /* PokemonViewModel.swift */ = {isa = PBXFileReference; lastKnownFileType = sourcecode.swift; path = PokemonViewModel.swift; sourceTree = "<group>"; };
		1B597CB62681994600B2F40F /* Pokeapi.swift */ = {isa = PBXFileReference; lastKnownFileType = sourcecode.swift; path = Pokeapi.swift; sourceTree = "<group>"; };
		1B597CB82681995100B2F40F /* NetworkManager.swift */ = {isa = PBXFileReference; lastKnownFileType = sourcecode.swift; path = NetworkManager.swift; sourceTree = "<group>"; };
		1B8024E9267FBB0500F9C034 /* Pokedex Demo App.app */ = {isa = PBXFileReference; explicitFileType = wrapper.application; includeInIndex = 0; path = "Pokedex Demo App.app"; sourceTree = BUILT_PRODUCTS_DIR; };
		1B8024EC267FBB0500F9C034 /* AppDelegate.swift */ = {isa = PBXFileReference; lastKnownFileType = sourcecode.swift; path = AppDelegate.swift; sourceTree = "<group>"; };
		1B8024EE267FBB0500F9C034 /* SceneDelegate.swift */ = {isa = PBXFileReference; lastKnownFileType = sourcecode.swift; path = SceneDelegate.swift; sourceTree = "<group>"; };
		1B8024F3267FBB0500F9C034 /* Base */ = {isa = PBXFileReference; lastKnownFileType = file.storyboard; name = Base; path = Base.lproj/Main.storyboard; sourceTree = "<group>"; };
		1B8024F5267FBB0600F9C034 /* Assets.xcassets */ = {isa = PBXFileReference; lastKnownFileType = folder.assetcatalog; path = Assets.xcassets; sourceTree = "<group>"; };
		1B8024F8267FBB0600F9C034 /* Base */ = {isa = PBXFileReference; lastKnownFileType = file.storyboard; name = Base; path = Base.lproj/LaunchScreen.storyboard; sourceTree = "<group>"; };
		1B8024FA267FBB0600F9C034 /* Info.plist */ = {isa = PBXFileReference; lastKnownFileType = text.plist.xml; path = Info.plist; sourceTree = "<group>"; };
		1B8902172682106E0017B189 /* PokemonDetailsTableViewCell.swift */ = {isa = PBXFileReference; lastKnownFileType = sourcecode.swift; path = PokemonDetailsTableViewCell.swift; sourceTree = "<group>"; };
		1B8902182682106E0017B189 /* PokemonDetailsTableViewCell.xib */ = {isa = PBXFileReference; lastKnownFileType = file.xib; path = PokemonDetailsTableViewCell.xib; sourceTree = "<group>"; };
		1B89021D268211010017B189 /* PokemonCollectionViewCell.swift */ = {isa = PBXFileReference; lastKnownFileType = sourcecode.swift; path = PokemonCollectionViewCell.swift; sourceTree = "<group>"; };
		1B89021E268211010017B189 /* PokemonCollectionViewCell.xib */ = {isa = PBXFileReference; lastKnownFileType = file.xib; path = PokemonCollectionViewCell.xib; sourceTree = "<group>"; };
		1B8902212682133B0017B189 /* Constants.swift */ = {isa = PBXFileReference; lastKnownFileType = sourcecode.swift; path = Constants.swift; sourceTree = "<group>"; };
		393D0240B8F3DFA37B947F9E /* Pods-Pokedex Demo App.debug.xcconfig */ = {isa = PBXFileReference; includeInIndex = 1; lastKnownFileType = text.xcconfig; name = "Pods-Pokedex Demo App.debug.xcconfig"; path = "Target Support Files/Pods-Pokedex Demo App/Pods-Pokedex Demo App.debug.xcconfig"; sourceTree = "<group>"; };
		6704D5C157EAD83AAE587A73 /* Pods-Pokedex Demo App.release.xcconfig */ = {isa = PBXFileReference; includeInIndex = 1; lastKnownFileType = text.xcconfig; name = "Pods-Pokedex Demo App.release.xcconfig"; path = "Target Support Files/Pods-Pokedex Demo App/Pods-Pokedex Demo App.release.xcconfig"; sourceTree = "<group>"; };
		DBB196BCC13733CFC8C590B4 /* Pods_Pokedex_Demo_App.framework */ = {isa = PBXFileReference; explicitFileType = wrapper.framework; includeInIndex = 0; path = Pods_Pokedex_Demo_App.framework; sourceTree = BUILT_PRODUCTS_DIR; };
/* End PBXFileReference section */

/* Begin PBXFrameworksBuildPhase section */
		1B8024E6267FBB0500F9C034 /* Frameworks */ = {
			isa = PBXFrameworksBuildPhase;
			buildActionMask = 2147483647;
			files = (
				E8BDF351E03F790B6C22C79C /* Pods_Pokedex_Demo_App.framework in Frameworks */,
			);
			runOnlyForDeploymentPostprocessing = 0;
		};
/* End PBXFrameworksBuildPhase section */

/* Begin PBXGroup section */
		1B597CA52681975900B2F40F /* Model */ = {
			isa = PBXGroup;
			children = (
				1B597CA92681987500B2F40F /* PokemonData.swift */,
				1B597CAB2681988100B2F40F /* PokemonDetailsData.swift */,
			);
			path = Model;
			sourceTree = "<group>";
		};
		1B597CA62681976000B2F40F /* View */ = {
			isa = PBXGroup;
			children = (
				1B8024F2267FBB0500F9C034 /* Main.storyboard */,
				1B597CAD268198F300B2F40F /* PokemonCollectionViewController.swift */,
				1B597CAF2681990C00B2F40F /* PokemonDetailsTableViewController.swift */,
				1B89021E268211010017B189 /* PokemonCollectionViewCell.xib */,
				1B89021D268211010017B189 /* PokemonCollectionViewCell.swift */,
				1B8902182682106E0017B189 /* PokemonDetailsTableViewCell.xib */,
				1B8902172682106E0017B189 /* PokemonDetailsTableViewCell.swift */,
			);
			path = View;
			sourceTree = "<group>";
		};
		1B597CA72681976500B2F40F /* ViewModel */ = {
			isa = PBXGroup;
			children = (
				1B597CB12681992300B2F40F /* PokemonViewModel.swift */,
			);
			path = ViewModel;
			sourceTree = "<group>";
		};
		1B597CA82681977F00B2F40F /* Network */ = {
			isa = PBXGroup;
			children = (
				1B597CB62681994600B2F40F /* Pokeapi.swift */,
				1B597CB82681995100B2F40F /* NetworkManager.swift */,
			);
			path = Network;
			sourceTree = "<group>";
		};
		1B8024E0267FBB0500F9C034 = {
			isa = PBXGroup;
			children = (
				1B8024EB267FBB0500F9C034 /* Pokedex Demo App */,
				1B8024EA267FBB0500F9C034 /* Products */,
				CEC527546743DEA2C0E1F37A /* Pods */,
				5DE44DF2630DD4F90F01F4CB /* Frameworks */,
			);
			sourceTree = "<group>";
		};
		1B8024EA267FBB0500F9C034 /* Products */ = {
			isa = PBXGroup;
			children = (
				1B8024E9267FBB0500F9C034 /* Pokedex Demo App.app */,
			);
			name = Products;
			sourceTree = "<group>";
		};
		1B8024EB267FBB0500F9C034 /* Pokedex Demo App */ = {
			isa = PBXGroup;
			children = (
				1B8024EC267FBB0500F9C034 /* AppDelegate.swift */,
				1B8024EE267FBB0500F9C034 /* SceneDelegate.swift */,
				1B597CA52681975900B2F40F /* Model */,
				1B597CA62681976000B2F40F /* View */,
				1B597CA72681976500B2F40F /* ViewModel */,
				1B597CA82681977F00B2F40F /* Network */,
				1BF4B95426875B12006E8A85 /* Constants */,
				1B8024F5267FBB0600F9C034 /* Assets.xcassets */,
				1B8024F7267FBB0600F9C034 /* LaunchScreen.storyboard */,
				1B8024FA267FBB0600F9C034 /* Info.plist */,
			);
			path = "Pokedex Demo App";
			sourceTree = "<group>";
		};
		1BF4B95426875B12006E8A85 /* Constants */ = {
			isa = PBXGroup;
			children = (
				1B8902212682133B0017B189 /* Constants.swift */,
			);
			path = Constants;
			sourceTree = "<group>";
		};
		5DE44DF2630DD4F90F01F4CB /* Frameworks */ = {
			isa = PBXGroup;
			children = (
				DBB196BCC13733CFC8C590B4 /* Pods_Pokedex_Demo_App.framework */,
			);
			name = Frameworks;
			sourceTree = "<group>";
		};
		CEC527546743DEA2C0E1F37A /* Pods */ = {
			isa = PBXGroup;
			children = (
				393D0240B8F3DFA37B947F9E /* Pods-Pokedex Demo App.debug.xcconfig */,
				6704D5C157EAD83AAE587A73 /* Pods-Pokedex Demo App.release.xcconfig */,
			);
			path = Pods;
			sourceTree = "<group>";
		};
/* End PBXGroup section */

/* Begin PBXNativeTarget section */
		1B8024E8267FBB0500F9C034 /* Pokedex Demo App */ = {
			isa = PBXNativeTarget;
			buildConfigurationList = 1B8024FD267FBB0600F9C034 /* Build configuration list for PBXNativeTarget "Pokedex Demo App" */;
			buildPhases = (
				6146F41B2C6BD3E61CA0719C /* [CP] Check Pods Manifest.lock */,
				1B8024E5267FBB0500F9C034 /* Sources */,
				1B8024E6267FBB0500F9C034 /* Frameworks */,
				1B8024E7267FBB0500F9C034 /* Resources */,
				395686CD1E0FED1C14F19572 /* [CP] Embed Pods Frameworks */,
			);
			buildRules = (
			);
			dependencies = (
			);
			name = "Pokedex Demo App";
			productName = "Pokedex Demo App";
			productReference = 1B8024E9267FBB0500F9C034 /* Pokedex Demo App.app */;
			productType = "com.apple.product-type.application";
		};
/* End PBXNativeTarget section */

/* Begin PBXProject section */
		1B8024E1267FBB0500F9C034 /* Project object */ = {
			isa = PBXProject;
			attributes = {
				LastSwiftUpdateCheck = 1250;
				LastUpgradeCheck = 1250;
				TargetAttributes = {
					1B8024E8267FBB0500F9C034 = {
						CreatedOnToolsVersion = 12.5;
					};
				};
			};
			buildConfigurationList = 1B8024E4267FBB0500F9C034 /* Build configuration list for PBXProject "Pokedex Demo App" */;
			compatibilityVersion = "Xcode 9.3";
			developmentRegion = en;
			hasScannedForEncodings = 0;
			knownRegions = (
				en,
				Base,
			);
			mainGroup = 1B8024E0267FBB0500F9C034;
			productRefGroup = 1B8024EA267FBB0500F9C034 /* Products */;
			projectDirPath = "";
			projectRoot = "";
			targets = (
				1B8024E8267FBB0500F9C034 /* Pokedex Demo App */,
			);
		};
/* End PBXProject section */

/* Begin PBXResourcesBuildPhase section */
		1B8024E7267FBB0500F9C034 /* Resources */ = {
			isa = PBXResourcesBuildPhase;
			buildActionMask = 2147483647;
			files = (
				1B8024F9267FBB0600F9C034 /* LaunchScreen.storyboard in Resources */,
				1B8024F6267FBB0600F9C034 /* Assets.xcassets in Resources */,
				1B89021A2682106E0017B189 /* PokemonDetailsTableViewCell.xib in Resources */,
				1B890220268211010017B189 /* PokemonCollectionViewCell.xib in Resources */,
				1B8024F4267FBB0500F9C034 /* Main.storyboard in Resources */,
			);
			runOnlyForDeploymentPostprocessing = 0;
		};
/* End PBXResourcesBuildPhase section */

/* Begin PBXShellScriptBuildPhase section */
		395686CD1E0FED1C14F19572 /* [CP] Embed Pods Frameworks */ = {
			isa = PBXShellScriptBuildPhase;
			buildActionMask = 2147483647;
			files = (
			);
			inputFileListPaths = (
				"${PODS_ROOT}/Target Support Files/Pods-Pokedex Demo App/Pods-Pokedex Demo App-frameworks-${CONFIGURATION}-input-files.xcfilelist",
			);
			name = "[CP] Embed Pods Frameworks";
			outputFileListPaths = (
				"${PODS_ROOT}/Target Support Files/Pods-Pokedex Demo App/Pods-Pokedex Demo App-frameworks-${CONFIGURATION}-output-files.xcfilelist",
			);
			runOnlyForDeploymentPostprocessing = 0;
			shellPath = /bin/sh;
			shellScript = "\"${PODS_ROOT}/Target Support Files/Pods-Pokedex Demo App/Pods-Pokedex Demo App-frameworks.sh\"\n";
			showEnvVarsInLog = 0;
		};
		6146F41B2C6BD3E61CA0719C /* [CP] Check Pods Manifest.lock */ = {
			isa = PBXShellScriptBuildPhase;
			buildActionMask = 2147483647;
			files = (
			);
			inputFileListPaths = (
			);
			inputPaths = (
				"${PODS_PODFILE_DIR_PATH}/Podfile.lock",
				"${PODS_ROOT}/Manifest.lock",
			);
			name = "[CP] Check Pods Manifest.lock";
			outputFileListPaths = (
			);
			outputPaths = (
				"$(DERIVED_FILE_DIR)/Pods-Pokedex Demo App-checkManifestLockResult.txt",
			);
			runOnlyForDeploymentPostprocessing = 0;
			shellPath = /bin/sh;
			shellScript = "diff \"${PODS_PODFILE_DIR_PATH}/Podfile.lock\" \"${PODS_ROOT}/Manifest.lock\" > /dev/null\nif [ $? != 0 ] ; then\n    # print error to STDERR\n    echo \"error: The sandbox is not in sync with the Podfile.lock. Run 'pod install' or update your CocoaPods installation.\" >&2\n    exit 1\nfi\n# This output is used by Xcode 'outputs' to avoid re-running this script phase.\necho \"SUCCESS\" > \"${SCRIPT_OUTPUT_FILE_0}\"\n";
			showEnvVarsInLog = 0;
		};
/* End PBXShellScriptBuildPhase section */

/* Begin PBXSourcesBuildPhase section */
		1B8024E5267FBB0500F9C034 /* Sources */ = {
			isa = PBXSourcesBuildPhase;
			buildActionMask = 2147483647;
			files = (
				1B597CAC2681988100B2F40F /* PokemonDetailsData.swift in Sources */,
				1B8024ED267FBB0500F9C034 /* AppDelegate.swift in Sources */,
				1B597CB92681995100B2F40F /* NetworkManager.swift in Sources */,
				1B597CB02681990C00B2F40F /* PokemonDetailsTableViewController.swift in Sources */,
				1B8902192682106E0017B189 /* PokemonDetailsTableViewCell.swift in Sources */,
				1B597CB22681992300B2F40F /* PokemonViewModel.swift in Sources */,
				1B8902222682133B0017B189 /* Constants.swift in Sources */,
				1B597CAE268198F300B2F40F /* PokemonCollectionViewController.swift in Sources */,
				1B597CAA2681987500B2F40F /* PokemonData.swift in Sources */,
				1B8024EF267FBB0500F9C034 /* SceneDelegate.swift in Sources */,
				1B89021F268211010017B189 /* PokemonCollectionViewCell.swift in Sources */,
				1B597CB72681994600B2F40F /* Pokeapi.swift in Sources */,
			);
			runOnlyForDeploymentPostprocessing = 0;
		};
/* End PBXSourcesBuildPhase section */

/* Begin PBXVariantGroup section */
		1B8024F2267FBB0500F9C034 /* Main.storyboard */ = {
			isa = PBXVariantGroup;
			children = (
				1B8024F3267FBB0500F9C034 /* Base */,
			);
			name = Main.storyboard;
			sourceTree = "<group>";
		};
		1B8024F7267FBB0600F9C034 /* LaunchScreen.storyboard */ = {
			isa = PBXVariantGroup;
			children = (
				1B8024F8267FBB0600F9C034 /* Base */,
			);
			name = LaunchScreen.storyboard;
			sourceTree = "<group>";
		};
/* End PBXVariantGroup section */

/* Begin XCBuildConfiguration section */
		1B8024FB267FBB0600F9C034 /* Debug */ = {
			isa = XCBuildConfiguration;
			buildSettings = {
				ALWAYS_SEARCH_USER_PATHS = NO;
				CLANG_ANALYZER_NONNULL = YES;
				CLANG_ANALYZER_NUMBER_OBJECT_CONVERSION = YES_AGGRESSIVE;
				CLANG_CXX_LANGUAGE_STANDARD = "gnu++14";
				CLANG_CXX_LIBRARY = "libc++";
				CLANG_ENABLE_MODULES = YES;
				CLANG_ENABLE_OBJC_ARC = YES;
				CLANG_ENABLE_OBJC_WEAK = YES;
				CLANG_WARN_BLOCK_CAPTURE_AUTORELEASING = YES;
				CLANG_WARN_BOOL_CONVERSION = YES;
				CLANG_WARN_COMMA = YES;
				CLANG_WARN_CONSTANT_CONVERSION = YES;
				CLANG_WARN_DEPRECATED_OBJC_IMPLEMENTATIONS = YES;
				CLANG_WARN_DIRECT_OBJC_ISA_USAGE = YES_ERROR;
				CLANG_WARN_DOCUMENTATION_COMMENTS = YES;
				CLANG_WARN_EMPTY_BODY = YES;
				CLANG_WARN_ENUM_CONVERSION = YES;
				CLANG_WARN_INFINITE_RECURSION = YES;
				CLANG_WARN_INT_CONVERSION = YES;
				CLANG_WARN_NON_LITERAL_NULL_CONVERSION = YES;
				CLANG_WARN_OBJC_IMPLICIT_RETAIN_SELF = YES;
				CLANG_WARN_OBJC_LITERAL_CONVERSION = YES;
				CLANG_WARN_OBJC_ROOT_CLASS = YES_ERROR;
				CLANG_WARN_QUOTED_INCLUDE_IN_FRAMEWORK_HEADER = YES;
				CLANG_WARN_RANGE_LOOP_ANALYSIS = YES;
				CLANG_WARN_STRICT_PROTOTYPES = YES;
				CLANG_WARN_SUSPICIOUS_MOVE = YES;
				CLANG_WARN_UNGUARDED_AVAILABILITY = YES_AGGRESSIVE;
				CLANG_WARN_UNREACHABLE_CODE = YES;
				CLANG_WARN__DUPLICATE_METHOD_MATCH = YES;
				COPY_PHASE_STRIP = NO;
				DEBUG_INFORMATION_FORMAT = dwarf;
				ENABLE_STRICT_OBJC_MSGSEND = YES;
				ENABLE_TESTABILITY = YES;
				GCC_C_LANGUAGE_STANDARD = gnu11;
				GCC_DYNAMIC_NO_PIC = NO;
				GCC_NO_COMMON_BLOCKS = YES;
				GCC_OPTIMIZATION_LEVEL = 0;
				GCC_PREPROCESSOR_DEFINITIONS = (
					"DEBUG=1",
					"$(inherited)",
				);
				GCC_WARN_64_TO_32_BIT_CONVERSION = YES;
				GCC_WARN_ABOUT_RETURN_TYPE = YES_ERROR;
				GCC_WARN_UNDECLARED_SELECTOR = YES;
				GCC_WARN_UNINITIALIZED_AUTOS = YES_AGGRESSIVE;
				GCC_WARN_UNUSED_FUNCTION = YES;
				GCC_WARN_UNUSED_VARIABLE = YES;
				IPHONEOS_DEPLOYMENT_TARGET = 14.5;
				MTL_ENABLE_DEBUG_INFO = INCLUDE_SOURCE;
				MTL_FAST_MATH = YES;
				ONLY_ACTIVE_ARCH = YES;
				SDKROOT = iphoneos;
				SWIFT_ACTIVE_COMPILATION_CONDITIONS = DEBUG;
				SWIFT_OPTIMIZATION_LEVEL = "-Onone";
			};
			name = Debug;
		};
		1B8024FC267FBB0600F9C034 /* Release */ = {
			isa = XCBuildConfiguration;
			buildSettings = {
				ALWAYS_SEARCH_USER_PATHS = NO;
				CLANG_ANALYZER_NONNULL = YES;
				CLANG_ANALYZER_NUMBER_OBJECT_CONVERSION = YES_AGGRESSIVE;
				CLANG_CXX_LANGUAGE_STANDARD = "gnu++14";
				CLANG_CXX_LIBRARY = "libc++";
				CLANG_ENABLE_MODULES = YES;
				CLANG_ENABLE_OBJC_ARC = YES;
				CLANG_ENABLE_OBJC_WEAK = YES;
				CLANG_WARN_BLOCK_CAPTURE_AUTORELEASING = YES;
				CLANG_WARN_BOOL_CONVERSION = YES;
				CLANG_WARN_COMMA = YES;
				CLANG_WARN_CONSTANT_CONVERSION = YES;
				CLANG_WARN_DEPRECATED_OBJC_IMPLEMENTATIONS = YES;
				CLANG_WARN_DIRECT_OBJC_ISA_USAGE = YES_ERROR;
				CLANG_WARN_DOCUMENTATION_COMMENTS = YES;
				CLANG_WARN_EMPTY_BODY = YES;
				CLANG_WARN_ENUM_CONVERSION = YES;
				CLANG_WARN_INFINITE_RECURSION = YES;
				CLANG_WARN_INT_CONVERSION = YES;
				CLANG_WARN_NON_LITERAL_NULL_CONVERSION = YES;
				CLANG_WARN_OBJC_IMPLICIT_RETAIN_SELF = YES;
				CLANG_WARN_OBJC_LITERAL_CONVERSION = YES;
				CLANG_WARN_OBJC_ROOT_CLASS = YES_ERROR;
				CLANG_WARN_QUOTED_INCLUDE_IN_FRAMEWORK_HEADER = YES;
				CLANG_WARN_RANGE_LOOP_ANALYSIS = YES;
				CLANG_WARN_STRICT_PROTOTYPES = YES;
				CLANG_WARN_SUSPICIOUS_MOVE = YES;
				CLANG_WARN_UNGUARDED_AVAILABILITY = YES_AGGRESSIVE;
				CLANG_WARN_UNREACHABLE_CODE = YES;
				CLANG_WARN__DUPLICATE_METHOD_MATCH = YES;
				COPY_PHASE_STRIP = NO;
				DEBUG_INFORMATION_FORMAT = "dwarf-with-dsym";
				ENABLE_NS_ASSERTIONS = NO;
				ENABLE_STRICT_OBJC_MSGSEND = YES;
				GCC_C_LANGUAGE_STANDARD = gnu11;
				GCC_NO_COMMON_BLOCKS = YES;
				GCC_WARN_64_TO_32_BIT_CONVERSION = YES;
				GCC_WARN_ABOUT_RETURN_TYPE = YES_ERROR;
				GCC_WARN_UNDECLARED_SELECTOR = YES;
				GCC_WARN_UNINITIALIZED_AUTOS = YES_AGGRESSIVE;
				GCC_WARN_UNUSED_FUNCTION = YES;
				GCC_WARN_UNUSED_VARIABLE = YES;
				IPHONEOS_DEPLOYMENT_TARGET = 14.5;
				MTL_ENABLE_DEBUG_INFO = NO;
				MTL_FAST_MATH = YES;
				SDKROOT = iphoneos;
				SWIFT_COMPILATION_MODE = wholemodule;
				SWIFT_OPTIMIZATION_LEVEL = "-O";
				VALIDATE_PRODUCT = YES;
			};
			name = Release;
		};
		1B8024FE267FBB0600F9C034 /* Debug */ = {
			isa = XCBuildConfiguration;
			baseConfigurationReference = 393D0240B8F3DFA37B947F9E /* Pods-Pokedex Demo App.debug.xcconfig */;
			buildSettings = {
				ASSETCATALOG_COMPILER_APPICON_NAME = AppIcon;
				ASSETCATALOG_COMPILER_GLOBAL_ACCENT_COLOR_NAME = AccentColor;
				CODE_SIGN_STYLE = Automatic;
				DEVELOPMENT_TEAM = 927YGY67XQ;
				INFOPLIST_FILE = "Pokedex Demo App/Info.plist";
				LD_RUNPATH_SEARCH_PATHS = (
					"$(inherited)",
					"@executable_path/Frameworks",
				);
				PRODUCT_BUNDLE_IDENTIFIER = "com.DH-Noobs.Pokedex-Demo-App";
				PRODUCT_NAME = "$(TARGET_NAME)";
				SWIFT_VERSION = 5.0;
				TARGETED_DEVICE_FAMILY = "1,2";
			};
			name = Debug;
		};
		1B8024FF267FBB0600F9C034 /* Release */ = {
			isa = XCBuildConfiguration;
			baseConfigurationReference = 6704D5C157EAD83AAE587A73 /* Pods-Pokedex Demo App.release.xcconfig */;
			buildSettings = {
				ASSETCATALOG_COMPILER_APPICON_NAME = AppIcon;
				ASSETCATALOG_COMPILER_GLOBAL_ACCENT_COLOR_NAME = AccentColor;
				CODE_SIGN_STYLE = Automatic;
				DEVELOPMENT_TEAM = 927YGY67XQ;
				INFOPLIST_FILE = "Pokedex Demo App/Info.plist";
				LD_RUNPATH_SEARCH_PATHS = (
					"$(inherited)",
					"@executable_path/Frameworks",
				);
				PRODUCT_BUNDLE_IDENTIFIER = "com.DH-Noobs.Pokedex-Demo-App";
				PRODUCT_NAME = "$(TARGET_NAME)";
				SWIFT_VERSION = 5.0;
				TARGETED_DEVICE_FAMILY = "1,2";
			};
			name = Release;
		};
/* End XCBuildConfiguration section */

/* Begin XCConfigurationList section */
		1B8024E4267FBB0500F9C034 /* Build configuration list for PBXProject "Pokedex Demo App" */ = {
			isa = XCConfigurationList;
			buildConfigurations = (
				1B8024FB267FBB0600F9C034 /* Debug */,
				1B8024FC267FBB0600F9C034 /* Release */,
			);
			defaultConfigurationIsVisible = 0;
			defaultConfigurationName = Release;
		};
		1B8024FD267FBB0600F9C034 /* Build configuration list for PBXNativeTarget "Pokedex Demo App" */ = {
			isa = XCConfigurationList;
			buildConfigurations = (
				1B8024FE267FBB0600F9C034 /* Debug */,
				1B8024FF267FBB0600F9C034 /* Release */,
			);
			defaultConfigurationIsVisible = 0;
			defaultConfigurationName = Release;
		};
/* End XCConfigurationList section */
	};
	rootObject = 1B8024E1267FBB0500F9C034 /* Project object */;
}
